// !$*UTF8*$!
{
	archiveVersion = 1;
	classes = {
	};
	objectVersion = 48;
	objects = {

/* Begin PBXBuildFile section */
		54C14F65234ED34D0051B7A8 /* AppDelegate.swift in Sources */ = {isa = PBXBuildFile; fileRef = 54C14F64234ED34D0051B7A8 /* AppDelegate.swift */; };
		54C14F67234ED34D0051B7A8 /* ViewController.swift in Sources */ = {isa = PBXBuildFile; fileRef = 54C14F66234ED34D0051B7A8 /* ViewController.swift */; };
		54C14F6A234ED34D0051B7A8 /* Main.storyboard in Resources */ = {isa = PBXBuildFile; fileRef = 54C14F68234ED34D0051B7A8 /* Main.storyboard */; };
		54C14F6C234ED34D0051B7A8 /* Assets.xcassets in Resources */ = {isa = PBXBuildFile; fileRef = 54C14F6B234ED34D0051B7A8 /* Assets.xcassets */; };
		54C14F6F234ED34D0051B7A8 /* LaunchScreen.storyboard in Resources */ = {isa = PBXBuildFile; fileRef = 54C14F6D234ED34D0051B7A8 /* LaunchScreen.storyboard */; };
		54E6B803234EDFB100519723 /* API.swift in Sources */ = {isa = PBXBuildFile; fileRef = 54E6B802234EDFB100519723 /* API.swift */; };
		54E6B805234EDFD800519723 /* APITests.swift in Sources */ = {isa = PBXBuildFile; fileRef = 54E6B804234EDFD800519723 /* APITests.swift */; };
		81288A96D1D2D3938B6DE257 /* Pods_survey_list_appTests.framework in Frameworks */ = {isa = PBXBuildFile; fileRef = 05D627B9D570DA0B52435239 /* Pods_survey_list_appTests.framework */; };
		F4D363869BF329BE4703DADF /* Pods_survey_list_app.framework in Frameworks */ = {isa = PBXBuildFile; fileRef = 2CD6F5CD9099F312B2A617BD /* Pods_survey_list_app.framework */; };
/* End PBXBuildFile section */

/* Begin PBXContainerItemProxy section */
		54C14F76234ED34D0051B7A8 /* PBXContainerItemProxy */ = {
			isa = PBXContainerItemProxy;
			containerPortal = 54C14F59234ED34D0051B7A8 /* Project object */;
			proxyType = 1;
			remoteGlobalIDString = 54C14F60234ED34D0051B7A8;
			remoteInfo = "survey-list-app";
		};
/* End PBXContainerItemProxy section */

/* Begin PBXFileReference section */
		0141F232D73066D65322D2B0 /* Pods-survey-list-app.release.xcconfig */ = {isa = PBXFileReference; includeInIndex = 1; lastKnownFileType = text.xcconfig; name = "Pods-survey-list-app.release.xcconfig"; path = "Target Support Files/Pods-survey-list-app/Pods-survey-list-app.release.xcconfig"; sourceTree = "<group>"; };
		05D627B9D570DA0B52435239 /* Pods_survey_list_appTests.framework */ = {isa = PBXFileReference; explicitFileType = wrapper.framework; includeInIndex = 0; path = Pods_survey_list_appTests.framework; sourceTree = BUILT_PRODUCTS_DIR; };
		2CD6F5CD9099F312B2A617BD /* Pods_survey_list_app.framework */ = {isa = PBXFileReference; explicitFileType = wrapper.framework; includeInIndex = 0; path = Pods_survey_list_app.framework; sourceTree = BUILT_PRODUCTS_DIR; };
		541441C9234F04E800674A99 /* survey-list.xcconfig */ = {isa = PBXFileReference; lastKnownFileType = text.xcconfig; path = "survey-list.xcconfig"; sourceTree = "<group>"; };
		54C14F61234ED34D0051B7A8 /* survey-list-app.app */ = {isa = PBXFileReference; explicitFileType = wrapper.application; includeInIndex = 0; path = "survey-list-app.app"; sourceTree = BUILT_PRODUCTS_DIR; };
		54C14F64234ED34D0051B7A8 /* AppDelegate.swift */ = {isa = PBXFileReference; lastKnownFileType = sourcecode.swift; path = AppDelegate.swift; sourceTree = "<group>"; };
		54C14F66234ED34D0051B7A8 /* ViewController.swift */ = {isa = PBXFileReference; lastKnownFileType = sourcecode.swift; path = ViewController.swift; sourceTree = "<group>"; };
		54C14F69234ED34D0051B7A8 /* Base */ = {isa = PBXFileReference; lastKnownFileType = file.storyboard; name = Base; path = Base.lproj/Main.storyboard; sourceTree = "<group>"; };
		54C14F6B234ED34D0051B7A8 /* Assets.xcassets */ = {isa = PBXFileReference; lastKnownFileType = folder.assetcatalog; path = Assets.xcassets; sourceTree = "<group>"; };
		54C14F6E234ED34D0051B7A8 /* Base */ = {isa = PBXFileReference; lastKnownFileType = file.storyboard; name = Base; path = Base.lproj/LaunchScreen.storyboard; sourceTree = "<group>"; };
		54C14F70234ED34D0051B7A8 /* Info.plist */ = {isa = PBXFileReference; lastKnownFileType = text.plist.xml; path = Info.plist; sourceTree = "<group>"; };
		54C14F75234ED34D0051B7A8 /* survey-list-appTests.xctest */ = {isa = PBXFileReference; explicitFileType = wrapper.cfbundle; includeInIndex = 0; path = "survey-list-appTests.xctest"; sourceTree = BUILT_PRODUCTS_DIR; };
		54C14F7B234ED34D0051B7A8 /* Info.plist */ = {isa = PBXFileReference; lastKnownFileType = text.plist.xml; path = Info.plist; sourceTree = "<group>"; };
		54E6B802234EDFB100519723 /* API.swift */ = {isa = PBXFileReference; lastKnownFileType = sourcecode.swift; path = API.swift; sourceTree = "<group>"; };
		54E6B804234EDFD800519723 /* APITests.swift */ = {isa = PBXFileReference; lastKnownFileType = sourcecode.swift; path = APITests.swift; sourceTree = "<group>"; };
		94285DB7EE805B464BC40A8E /* Pods-survey-list-appTests.debug.xcconfig */ = {isa = PBXFileReference; includeInIndex = 1; lastKnownFileType = text.xcconfig; name = "Pods-survey-list-appTests.debug.xcconfig"; path = "Target Support Files/Pods-survey-list-appTests/Pods-survey-list-appTests.debug.xcconfig"; sourceTree = "<group>"; };
		AA64EBEC866DE1780933C825 /* Pods-survey-list-app.debug.xcconfig */ = {isa = PBXFileReference; includeInIndex = 1; lastKnownFileType = text.xcconfig; name = "Pods-survey-list-app.debug.xcconfig"; path = "Target Support Files/Pods-survey-list-app/Pods-survey-list-app.debug.xcconfig"; sourceTree = "<group>"; };
		F24E63DAC6E6917BB270B42C /* Pods-survey-list-appTests.release.xcconfig */ = {isa = PBXFileReference; includeInIndex = 1; lastKnownFileType = text.xcconfig; name = "Pods-survey-list-appTests.release.xcconfig"; path = "Target Support Files/Pods-survey-list-appTests/Pods-survey-list-appTests.release.xcconfig"; sourceTree = "<group>"; };
/* End PBXFileReference section */

/* Begin PBXFrameworksBuildPhase section */
		54C14F5E234ED34D0051B7A8 /* Frameworks */ = {
			isa = PBXFrameworksBuildPhase;
			buildActionMask = 2147483647;
			files = (
				F4D363869BF329BE4703DADF /* Pods_survey_list_app.framework in Frameworks */,
			);
			runOnlyForDeploymentPostprocessing = 0;
		};
		54C14F72234ED34D0051B7A8 /* Frameworks */ = {
			isa = PBXFrameworksBuildPhase;
			buildActionMask = 2147483647;
			files = (
				81288A96D1D2D3938B6DE257 /* Pods_survey_list_appTests.framework in Frameworks */,
			);
			runOnlyForDeploymentPostprocessing = 0;
		};
/* End PBXFrameworksBuildPhase section */

/* Begin PBXGroup section */
		541441C8234F04CC00674A99 /* Config */ = {
			isa = PBXGroup;
			children = (
				541441C9234F04E800674A99 /* survey-list.xcconfig */,
			);
			path = Config;
			sourceTree = "<group>";
		};
		54C14F58234ED34D0051B7A8 = {
			isa = PBXGroup;
			children = (
				541441C8234F04CC00674A99 /* Config */,
				54C14F63234ED34D0051B7A8 /* survey-list-app */,
				54C14F78234ED34D0051B7A8 /* survey-list-appTests */,
				54C14F62234ED34D0051B7A8 /* Products */,
				E571418779F26A8E63AA94B3 /* Pods */,
				71544370D4E7F425F2931BE0 /* Frameworks */,
			);
			sourceTree = "<group>";
		};
		54C14F62234ED34D0051B7A8 /* Products */ = {
			isa = PBXGroup;
			children = (
				54C14F61234ED34D0051B7A8 /* survey-list-app.app */,
				54C14F75234ED34D0051B7A8 /* survey-list-appTests.xctest */,
			);
			name = Products;
			sourceTree = "<group>";
		};
		54C14F63234ED34D0051B7A8 /* survey-list-app */ = {
			isa = PBXGroup;
			children = (
				54C14F64234ED34D0051B7A8 /* AppDelegate.swift */,
				54C14F66234ED34D0051B7A8 /* ViewController.swift */,
				54C14F68234ED34D0051B7A8 /* Main.storyboard */,
				54C14F6B234ED34D0051B7A8 /* Assets.xcassets */,
				54C14F6D234ED34D0051B7A8 /* LaunchScreen.storyboard */,
				54C14F70234ED34D0051B7A8 /* Info.plist */,
				54E6B802234EDFB100519723 /* API.swift */,
			);
			path = "survey-list-app";
			sourceTree = "<group>";
		};
		54C14F78234ED34D0051B7A8 /* survey-list-appTests */ = {
			isa = PBXGroup;
			children = (
				54C14F7B234ED34D0051B7A8 /* Info.plist */,
				54E6B804234EDFD800519723 /* APITests.swift */,
			);
			path = "survey-list-appTests";
			sourceTree = "<group>";
		};
		71544370D4E7F425F2931BE0 /* Frameworks */ = {
			isa = PBXGroup;
			children = (
				2CD6F5CD9099F312B2A617BD /* Pods_survey_list_app.framework */,
				05D627B9D570DA0B52435239 /* Pods_survey_list_appTests.framework */,
			);
			name = Frameworks;
			sourceTree = "<group>";
		};
		E571418779F26A8E63AA94B3 /* Pods */ = {
			isa = PBXGroup;
			children = (
				AA64EBEC866DE1780933C825 /* Pods-survey-list-app.debug.xcconfig */,
				0141F232D73066D65322D2B0 /* Pods-survey-list-app.release.xcconfig */,
				94285DB7EE805B464BC40A8E /* Pods-survey-list-appTests.debug.xcconfig */,
				F24E63DAC6E6917BB270B42C /* Pods-survey-list-appTests.release.xcconfig */,
			);
			path = Pods;
			sourceTree = "<group>";
		};
/* End PBXGroup section */

/* Begin PBXNativeTarget section */
		54C14F60234ED34D0051B7A8 /* survey-list-app */ = {
			isa = PBXNativeTarget;
			buildConfigurationList = 54C14F7E234ED34D0051B7A8 /* Build configuration list for PBXNativeTarget "survey-list-app" */;
			buildPhases = (
				1D258B18DE34DC4E504BF1C4 /* [CP] Check Pods Manifest.lock */,
				54C14F5D234ED34D0051B7A8 /* Sources */,
				54C14F5E234ED34D0051B7A8 /* Frameworks */,
				54C14F5F234ED34D0051B7A8 /* Resources */,
				69492510355E0CA4B0A78ACB /* [CP] Embed Pods Frameworks */,
			);
			buildRules = (
			);
			dependencies = (
			);
			name = "survey-list-app";
			productName = "survey-list-app";
			productReference = 54C14F61234ED34D0051B7A8 /* survey-list-app.app */;
			productType = "com.apple.product-type.application";
		};
		54C14F74234ED34D0051B7A8 /* survey-list-appTests */ = {
			isa = PBXNativeTarget;
			buildConfigurationList = 54C14F81234ED34D0051B7A8 /* Build configuration list for PBXNativeTarget "survey-list-appTests" */;
			buildPhases = (
				0B24B9EF17F6E023A45267FE /* [CP] Check Pods Manifest.lock */,
				54C14F71234ED34D0051B7A8 /* Sources */,
				54C14F72234ED34D0051B7A8 /* Frameworks */,
				54C14F73234ED34D0051B7A8 /* Resources */,
			);
			buildRules = (
			);
			dependencies = (
				54C14F77234ED34D0051B7A8 /* PBXTargetDependency */,
			);
			name = "survey-list-appTests";
			productName = "survey-list-appTests";
			productReference = 54C14F75234ED34D0051B7A8 /* survey-list-appTests.xctest */;
			productType = "com.apple.product-type.bundle.unit-test";
		};
/* End PBXNativeTarget section */

/* Begin PBXProject section */
		54C14F59234ED34D0051B7A8 /* Project object */ = {
			isa = PBXProject;
			attributes = {
				LastSwiftUpdateCheck = 0920;
				LastUpgradeCheck = 0920;
				ORGANIZATIONNAME = amnmblchllng;
				TargetAttributes = {
					54C14F60234ED34D0051B7A8 = {
						CreatedOnToolsVersion = 9.2;
						ProvisioningStyle = Automatic;
					};
					54C14F74234ED34D0051B7A8 = {
						CreatedOnToolsVersion = 9.2;
						ProvisioningStyle = Automatic;
						TestTargetID = 54C14F60234ED34D0051B7A8;
					};
				};
			};
			buildConfigurationList = 54C14F5C234ED34D0051B7A8 /* Build configuration list for PBXProject "survey-list-app" */;
			compatibilityVersion = "Xcode 8.0";
			developmentRegion = en;
			hasScannedForEncodings = 0;
			knownRegions = (
				en,
				Base,
			);
			mainGroup = 54C14F58234ED34D0051B7A8;
			productRefGroup = 54C14F62234ED34D0051B7A8 /* Products */;
			projectDirPath = "";
			projectRoot = "";
			targets = (
				54C14F60234ED34D0051B7A8 /* survey-list-app */,
				54C14F74234ED34D0051B7A8 /* survey-list-appTests */,
			);
		};
/* End PBXProject section */

/* Begin PBXResourcesBuildPhase section */
		54C14F5F234ED34D0051B7A8 /* Resources */ = {
			isa = PBXResourcesBuildPhase;
			buildActionMask = 2147483647;
			files = (
				54C14F6F234ED34D0051B7A8 /* LaunchScreen.storyboard in Resources */,
				54C14F6C234ED34D0051B7A8 /* Assets.xcassets in Resources */,
				54C14F6A234ED34D0051B7A8 /* Main.storyboard in Resources */,
			);
			runOnlyForDeploymentPostprocessing = 0;
		};
		54C14F73234ED34D0051B7A8 /* Resources */ = {
			isa = PBXResourcesBuildPhase;
			buildActionMask = 2147483647;
			files = (
			);
			runOnlyForDeploymentPostprocessing = 0;
		};
/* End PBXResourcesBuildPhase section */

/* Begin PBXShellScriptBuildPhase section */
		0B24B9EF17F6E023A45267FE /* [CP] Check Pods Manifest.lock */ = {
			isa = PBXShellScriptBuildPhase;
			buildActionMask = 2147483647;
			files = (
			);
			inputPaths = (
				"${PODS_PODFILE_DIR_PATH}/Podfile.lock",
				"${PODS_ROOT}/Manifest.lock",
			);
			name = "[CP] Check Pods Manifest.lock";
			outputPaths = (
				"$(DERIVED_FILE_DIR)/Pods-survey-list-appTests-checkManifestLockResult.txt",
			);
			runOnlyForDeploymentPostprocessing = 0;
			shellPath = /bin/sh;
			shellScript = "diff \"${PODS_PODFILE_DIR_PATH}/Podfile.lock\" \"${PODS_ROOT}/Manifest.lock\" > /dev/null\nif [ $? != 0 ] ; then\n    # print error to STDERR\n    echo \"error: The sandbox is not in sync with the Podfile.lock. Run 'pod install' or update your CocoaPods installation.\" >&2\n    exit 1\nfi\n# This output is used by Xcode 'outputs' to avoid re-running this script phase.\necho \"SUCCESS\" > \"${SCRIPT_OUTPUT_FILE_0}\"\n";
			showEnvVarsInLog = 0;
		};
		1D258B18DE34DC4E504BF1C4 /* [CP] Check Pods Manifest.lock */ = {
			isa = PBXShellScriptBuildPhase;
			buildActionMask = 2147483647;
			files = (
			);
			inputPaths = (
				"${PODS_PODFILE_DIR_PATH}/Podfile.lock",
				"${PODS_ROOT}/Manifest.lock",
			);
			name = "[CP] Check Pods Manifest.lock";
			outputPaths = (
				"$(DERIVED_FILE_DIR)/Pods-survey-list-app-checkManifestLockResult.txt",
			);
			runOnlyForDeploymentPostprocessing = 0;
			shellPath = /bin/sh;
			shellScript = "diff \"${PODS_PODFILE_DIR_PATH}/Podfile.lock\" \"${PODS_ROOT}/Manifest.lock\" > /dev/null\nif [ $? != 0 ] ; then\n    # print error to STDERR\n    echo \"error: The sandbox is not in sync with the Podfile.lock. Run 'pod install' or update your CocoaPods installation.\" >&2\n    exit 1\nfi\n# This output is used by Xcode 'outputs' to avoid re-running this script phase.\necho \"SUCCESS\" > \"${SCRIPT_OUTPUT_FILE_0}\"\n";
			showEnvVarsInLog = 0;
		};
		69492510355E0CA4B0A78ACB /* [CP] Embed Pods Frameworks */ = {
			isa = PBXShellScriptBuildPhase;
			buildActionMask = 2147483647;
			files = (
			);
			inputPaths = (
				"${PODS_ROOT}/Target Support Files/Pods-survey-list-app/Pods-survey-list-app-frameworks.sh",
				"${BUILT_PRODUCTS_DIR}/Alamofire/Alamofire.framework",
			);
			name = "[CP] Embed Pods Frameworks";
			outputPaths = (
				"${TARGET_BUILD_DIR}/${FRAMEWORKS_FOLDER_PATH}/Alamofire.framework",
			);
			runOnlyForDeploymentPostprocessing = 0;
			shellPath = /bin/sh;
			shellScript = "\"${PODS_ROOT}/Target Support Files/Pods-survey-list-app/Pods-survey-list-app-frameworks.sh\"\n";
			showEnvVarsInLog = 0;
		};
/* End PBXShellScriptBuildPhase section */

/* Begin PBXSourcesBuildPhase section */
		54C14F5D234ED34D0051B7A8 /* Sources */ = {
			isa = PBXSourcesBuildPhase;
			buildActionMask = 2147483647;
			files = (
				54C14F67234ED34D0051B7A8 /* ViewController.swift in Sources */,
				54E6B803234EDFB100519723 /* API.swift in Sources */,
				54C14F65234ED34D0051B7A8 /* AppDelegate.swift in Sources */,
			);
			runOnlyForDeploymentPostprocessing = 0;
		};
		54C14F71234ED34D0051B7A8 /* Sources */ = {
			isa = PBXSourcesBuildPhase;
			buildActionMask = 2147483647;
			files = (
				54E6B805234EDFD800519723 /* APITests.swift in Sources */,
			);
			runOnlyForDeploymentPostprocessing = 0;
		};
/* End PBXSourcesBuildPhase section */

/* Begin PBXTargetDependency section */
		54C14F77234ED34D0051B7A8 /* PBXTargetDependency */ = {
			isa = PBXTargetDependency;
			target = 54C14F60234ED34D0051B7A8 /* survey-list-app */;
			targetProxy = 54C14F76234ED34D0051B7A8 /* PBXContainerItemProxy */;
		};
/* End PBXTargetDependency section */

/* Begin PBXVariantGroup section */
		54C14F68234ED34D0051B7A8 /* Main.storyboard */ = {
			isa = PBXVariantGroup;
			children = (
				54C14F69234ED34D0051B7A8 /* Base */,
			);
			name = Main.storyboard;
			sourceTree = "<group>";
		};
		54C14F6D234ED34D0051B7A8 /* LaunchScreen.storyboard */ = {
			isa = PBXVariantGroup;
			children = (
				54C14F6E234ED34D0051B7A8 /* Base */,
			);
			name = LaunchScreen.storyboard;
			sourceTree = "<group>";
		};
/* End PBXVariantGroup section */

/* Begin XCBuildConfiguration section */
		54C14F7C234ED34D0051B7A8 /* Debug */ = {
			isa = XCBuildConfiguration;
			baseConfigurationReference = 541441C9234F04E800674A99 /* survey-list.xcconfig */;
			buildSettings = {
				ALWAYS_SEARCH_USER_PATHS = NO;
				CLANG_ANALYZER_NONNULL = YES;
				CLANG_ANALYZER_NUMBER_OBJECT_CONVERSION = YES_AGGRESSIVE;
				CLANG_CXX_LANGUAGE_STANDARD = "gnu++14";
				CLANG_CXX_LIBRARY = "libc++";
				CLANG_ENABLE_MODULES = YES;
				CLANG_ENABLE_OBJC_ARC = YES;
				CLANG_WARN_BLOCK_CAPTURE_AUTORELEASING = YES;
				CLANG_WARN_BOOL_CONVERSION = YES;
				CLANG_WARN_COMMA = YES;
				CLANG_WARN_CONSTANT_CONVERSION = YES;
				CLANG_WARN_DIRECT_OBJC_ISA_USAGE = YES_ERROR;
				CLANG_WARN_DOCUMENTATION_COMMENTS = YES;
				CLANG_WARN_EMPTY_BODY = YES;
				CLANG_WARN_ENUM_CONVERSION = YES;
				CLANG_WARN_INFINITE_RECURSION = YES;
				CLANG_WARN_INT_CONVERSION = YES;
				CLANG_WARN_NON_LITERAL_NULL_CONVERSION = YES;
				CLANG_WARN_OBJC_LITERAL_CONVERSION = YES;
				CLANG_WARN_OBJC_ROOT_CLASS = YES_ERROR;
				CLANG_WARN_RANGE_LOOP_ANALYSIS = YES;
				CLANG_WARN_STRICT_PROTOTYPES = YES;
				CLANG_WARN_SUSPICIOUS_MOVE = YES;
				CLANG_WARN_UNGUARDED_AVAILABILITY = YES_AGGRESSIVE;
				CLANG_WARN_UNREACHABLE_CODE = YES;
				CLANG_WARN__DUPLICATE_METHOD_MATCH = YES;
				CODE_SIGN_IDENTITY = "iPhone Developer";
				COPY_PHASE_STRIP = NO;
				DEBUG_INFORMATION_FORMAT = dwarf;
				ENABLE_STRICT_OBJC_MSGSEND = YES;
				ENABLE_TESTABILITY = YES;
				GCC_C_LANGUAGE_STANDARD = gnu11;
				GCC_DYNAMIC_NO_PIC = NO;
				GCC_NO_COMMON_BLOCKS = YES;
				GCC_OPTIMIZATION_LEVEL = 0;
				GCC_PREPROCESSOR_DEFINITIONS = (
					"DEBUG=1",
					"$(inherited)",
				);
				GCC_WARN_64_TO_32_BIT_CONVERSION = YES;
				GCC_WARN_ABOUT_RETURN_TYPE = YES_ERROR;
				GCC_WARN_UNDECLARED_SELECTOR = YES;
				GCC_WARN_UNINITIALIZED_AUTOS = YES_AGGRESSIVE;
				GCC_WARN_UNUSED_FUNCTION = YES;
				GCC_WARN_UNUSED_VARIABLE = YES;
				IPHONEOS_DEPLOYMENT_TARGET = 10.0;
				MTL_ENABLE_DEBUG_INFO = YES;
				ONLY_ACTIVE_ARCH = YES;
				SDKROOT = iphoneos;
				SWIFT_ACTIVE_COMPILATION_CONDITIONS = DEBUG;
				SWIFT_OPTIMIZATION_LEVEL = "-Onone";
			};
			name = Debug;
		};
		54C14F7D234ED34D0051B7A8 /* Release */ = {
			isa = XCBuildConfiguration;
			baseConfigurationReference = 541441C9234F04E800674A99 /* survey-list.xcconfig */;
			buildSettings = {
				ALWAYS_SEARCH_USER_PATHS = NO;
				CLANG_ANALYZER_NONNULL = YES;
				CLANG_ANALYZER_NUMBER_OBJECT_CONVERSION = YES_AGGRESSIVE;
				CLANG_CXX_LANGUAGE_STANDARD = "gnu++14";
				CLANG_CXX_LIBRARY = "libc++";
				CLANG_ENABLE_MODULES = YES;
				CLANG_ENABLE_OBJC_ARC = YES;
				CLANG_WARN_BLOCK_CAPTURE_AUTORELEASING = YES;
				CLANG_WARN_BOOL_CONVERSION = YES;
				CLANG_WARN_COMMA = YES;
				CLANG_WARN_CONSTANT_CONVERSION = YES;
				CLANG_WARN_DIRECT_OBJC_ISA_USAGE = YES_ERROR;
				CLANG_WARN_DOCUMENTATION_COMMENTS = YES;
				CLANG_WARN_EMPTY_BODY = YES;
				CLANG_WARN_ENUM_CONVERSION = YES;
				CLANG_WARN_INFINITE_RECURSION = YES;
				CLANG_WARN_INT_CONVERSION = YES;
				CLANG_WARN_NON_LITERAL_NULL_CONVERSION = YES;
				CLANG_WARN_OBJC_LITERAL_CONVERSION = YES;
				CLANG_WARN_OBJC_ROOT_CLASS = YES_ERROR;
				CLANG_WARN_RANGE_LOOP_ANALYSIS = YES;
				CLANG_WARN_STRICT_PROTOTYPES = YES;
				CLANG_WARN_SUSPICIOUS_MOVE = YES;
				CLANG_WARN_UNGUARDED_AVAILABILITY = YES_AGGRESSIVE;
				CLANG_WARN_UNREACHABLE_CODE = YES;
				CLANG_WARN__DUPLICATE_METHOD_MATCH = YES;
				CODE_SIGN_IDENTITY = "iPhone Developer";
				COPY_PHASE_STRIP = NO;
				DEBUG_INFORMATION_FORMAT = "dwarf-with-dsym";
				ENABLE_NS_ASSERTIONS = NO;
				ENABLE_STRICT_OBJC_MSGSEND = YES;
				GCC_C_LANGUAGE_STANDARD = gnu11;
				GCC_NO_COMMON_BLOCKS = YES;
				GCC_WARN_64_TO_32_BIT_CONVERSION = YES;
				GCC_WARN_ABOUT_RETURN_TYPE = YES_ERROR;
				GCC_WARN_UNDECLARED_SELECTOR = YES;
				GCC_WARN_UNINITIALIZED_AUTOS = YES_AGGRESSIVE;
				GCC_WARN_UNUSED_FUNCTION = YES;
				GCC_WARN_UNUSED_VARIABLE = YES;
				IPHONEOS_DEPLOYMENT_TARGET = 10.0;
				MTL_ENABLE_DEBUG_INFO = NO;
				SDKROOT = iphoneos;
				SWIFT_OPTIMIZATION_LEVEL = "-Owholemodule";
				VALIDATE_PRODUCT = YES;
			};
			name = Release;
		};
		54C14F7F234ED34D0051B7A8 /* Debug */ = {
			isa = XCBuildConfiguration;
			baseConfigurationReference = AA64EBEC866DE1780933C825 /* Pods-survey-list-app.debug.xcconfig */;
			buildSettings = {
				ASSETCATALOG_COMPILER_APPICON_NAME = AppIcon;
				CODE_SIGN_STYLE = Automatic;
				INFOPLIST_FILE = "survey-list-app/Info.plist";
				IPHONEOS_DEPLOYMENT_TARGET = 10.0;
				LD_RUNPATH_SEARCH_PATHS = "$(inherited) @executable_path/Frameworks";
				PRODUCT_BUNDLE_IDENTIFIER = "amnmblchllng.survey-list-app";
				PRODUCT_NAME = "$(TARGET_NAME)";
				SWIFT_VERSION = 4.0;
				TARGETED_DEVICE_FAMILY = "1,2";
			};
			name = Debug;
		};
		54C14F80234ED34D0051B7A8 /* Release */ = {
			isa = XCBuildConfiguration;
			baseConfigurationReference = 0141F232D73066D65322D2B0 /* Pods-survey-list-app.release.xcconfig */;
			buildSettings = {
				ASSETCATALOG_COMPILER_APPICON_NAME = AppIcon;
				CODE_SIGN_STYLE = Automatic;
				INFOPLIST_FILE = "survey-list-app/Info.plist";
				IPHONEOS_DEPLOYMENT_TARGET = 10.0;
				LD_RUNPATH_SEARCH_PATHS = "$(inherited) @executable_path/Frameworks";
				PRODUCT_BUNDLE_IDENTIFIER = "amnmblchllng.survey-list-app";
				PRODUCT_NAME = "$(TARGET_NAME)";
				SWIFT_VERSION = 4.0;
				TARGETED_DEVICE_FAMILY = "1,2";
			};
			name = Release;
		};
		54C14F82234ED34D0051B7A8 /* Debug */ = {
			isa = XCBuildConfiguration;
			baseConfigurationReference = 94285DB7EE805B464BC40A8E /* Pods-survey-list-appTests.debug.xcconfig */;
			buildSettings = {
				ALWAYS_EMBED_SWIFT_STANDARD_LIBRARIES = YES;
				BUNDLE_LOADER = "$(TEST_HOST)";
				CODE_SIGN_STYLE = Automatic;
				INFOPLIST_FILE = "survey-list-appTests/Info.plist";
				LD_RUNPATH_SEARCH_PATHS = "$(inherited) @executable_path/Frameworks @loader_path/Frameworks";
				PRODUCT_BUNDLE_IDENTIFIER = "amnmblchllng.survey-list-appTests";
				PRODUCT_NAME = "$(TARGET_NAME)";
				SWIFT_VERSION = 4.0;
				TARGETED_DEVICE_FAMILY = "1,2";
				TEST_HOST = "$(BUILT_PRODUCTS_DIR)/survey-list-app.app/survey-list-app";
			};
			name = Debug;
		};
		54C14F83234ED34D0051B7A8 /* Release */ = {
			isa = XCBuildConfiguration;
			baseConfigurationReference = F24E63DAC6E6917BB270B42C /* Pods-survey-list-appTests.release.xcconfig */;
			buildSettings = {
				ALWAYS_EMBED_SWIFT_STANDARD_LIBRARIES = YES;
				BUNDLE_LOADER = "$(TEST_HOST)";
				CODE_SIGN_STYLE = Automatic;
				INFOPLIST_FILE = "survey-list-appTests/Info.plist";
				LD_RUNPATH_SEARCH_PATHS = "$(inherited) @executable_path/Frameworks @loader_path/Frameworks";
				PRODUCT_BUNDLE_IDENTIFIER = "amnmblchllng.survey-list-appTests";
				PRODUCT_NAME = "$(TARGET_NAME)";
				SWIFT_VERSION = 4.0;
				TARGETED_DEVICE_FAMILY = "1,2";
				TEST_HOST = "$(BUILT_PRODUCTS_DIR)/survey-list-app.app/survey-list-app";
			};
			name = Release;
		};
/* End XCBuildConfiguration section */

/* Begin XCConfigurationList section */
		54C14F5C234ED34D0051B7A8 /* Build configuration list for PBXProject "survey-list-app" */ = {
			isa = XCConfigurationList;
			buildConfigurations = (
				54C14F7C234ED34D0051B7A8 /* Debug */,
				54C14F7D234ED34D0051B7A8 /* Release */,
			);
			defaultConfigurationIsVisible = 0;
			defaultConfigurationName = Release;
		};
		54C14F7E234ED34D0051B7A8 /* Build configuration list for PBXNativeTarget "survey-list-app" */ = {
			isa = XCConfigurationList;
			buildConfigurations = (
				54C14F7F234ED34D0051B7A8 /* Debug */,
				54C14F80234ED34D0051B7A8 /* Release */,
			);
			defaultConfigurationIsVisible = 0;
			defaultConfigurationName = Release;
		};
		54C14F81234ED34D0051B7A8 /* Build configuration list for PBXNativeTarget "survey-list-appTests" */ = {
			isa = XCConfigurationList;
			buildConfigurations = (
				54C14F82234ED34D0051B7A8 /* Debug */,
				54C14F83234ED34D0051B7A8 /* Release */,
			);
			defaultConfigurationIsVisible = 0;
			defaultConfigurationName = Release;
		};
/* End XCConfigurationList section */
	};
	rootObject = 54C14F59234ED34D0051B7A8 /* Project object */;
}
